
Microsoft Visual Studio Solution File, Format Version 12.00
# Visual Studio Version 17
VisualStudioVersion = 17.3.32922.545
MinimumVisualStudioVersion = 10.0.40219.1
Project("{9A19103F-16F7-4668-BE54-9A1E7A4F7556}") = "Example", "Example\Example.csproj", "{C29907D8-5E0A-4BBD-9A5C-3E616D02DF6B}"
EndProject
Project("{9A19103F-16F7-4668-BE54-9A1E7A4F7556}") = "Faker", "Faker\Faker.csproj", "{D65E77B3-20EE-466A-AD8C-48DF01572D27}"
EndProject
Project("{9A19103F-16F7-4668-BE54-9A1E7A4F7556}") = "Tests", "Tests\Tests.csproj", "{7C52C861-125B-4E0B-86B1-FE2BA98697C2}"
EndProject
Project("{FAE04EC0-301F-11D3-BF4B-00C04F79EFBC}") = "StringGeneratorPlugin", "StringGeneratorPlugin\StringGeneratorPlugin.csproj", "{8E5CAEFE-CFFA-4840-A3F8-9F04857383F9}"
EndProject
Project("{FAE04EC0-301F-11D3-BF4B-00C04F79EFBC}") = "BoolGeneratorPlugin", "BoolGeneratorPlugin\BoolGeneratorPlugin.csproj", "{D8EE3F93-FD39-4876-A683-CFE40E297EEC}"
EndProject
Global
	GlobalSection(SolutionConfigurationPlatforms) = preSolution
		Debug|Any CPU = Debug|Any CPU
		Release|Any CPU = Release|Any CPU
	EndGlobalSection
	GlobalSection(ProjectConfigurationPlatforms) = postSolution
		{C29907D8-5E0A-4BBD-9A5C-3E616D02DF6B}.Debug|Any CPU.ActiveCfg = Debug|Any CPU
		{C29907D8-5E0A-4BBD-9A5C-3E616D02DF6B}.Debug|Any CPU.Build.0 = Debug|Any CPU
		{C29907D8-5E0A-4BBD-9A5C-3E616D02DF6B}.Release|Any CPU.ActiveCfg = Release|Any CPU
		{C29907D8-5E0A-4BBD-9A5C-3E616D02DF6B}.Release|Any CPU.Build.0 = Release|Any CPU
		{D65E77B3-20EE-466A-AD8C-48DF01572D27}.Debug|Any CPU.ActiveCfg = Debug|Any CPU
		{D65E77B3-20EE-466A-AD8C-48DF01572D27}.Debug|Any CPU.Build.0 = Debug|Any CPU
		{D65E77B3-20EE-466A-AD8C-48DF01572D27}.Release|Any CPU.ActiveCfg = Release|Any CPU
		{D65E77B3-20EE-466A-AD8C-48DF01572D27}.Release|Any CPU.Build.0 = Release|Any CPU
		{7C52C861-125B-4E0B-86B1-FE2BA98697C2}.Debug|Any CPU.ActiveCfg = Debug|Any CPU
		{7C52C861-125B-4E0B-86B1-FE2BA98697C2}.Debug|Any CPU.Build.0 = Debug|Any CPU
		{7C52C861-125B-4E0B-86B1-FE2BA98697C2}.Release|Any CPU.ActiveCfg = Release|Any CPU
		{7C52C861-125B-4E0B-86B1-FE2BA98697C2}.Release|Any CPU.Build.0 = Release|Any CPU
		{8E5CAEFE-CFFA-4840-A3F8-9F04857383F9}.Debug|Any CPU.ActiveCfg = Debug|Any CPU
		{8E5CAEFE-CFFA-4840-A3F8-9F04857383F9}.Debug|Any CPU.Build.0 = Debug|Any CPU
		{8E5CAEFE-CFFA-4840-A3F8-9F04857383F9}.Release|Any CPU.ActiveCfg = Release|Any CPU
		{8E5CAEFE-CFFA-4840-A3F8-9F04857383F9}.Release|Any CPU.Build.0 = Release|Any CPU
		{D8EE3F93-FD39-4876-A683-CFE40E297EEC}.Debug|Any CPU.ActiveCfg = Debug|Any CPU
		{D8EE3F93-FD39-4876-A683-CFE40E297EEC}.Debug|Any CPU.Build.0 = Debug|Any CPU
		{D8EE3F93-FD39-4876-A683-CFE40E297EEC}.Release|Any CPU.ActiveCfg = Release|Any CPU
		{D8EE3F93-FD39-4876-A683-CFE40E297EEC}.Release|Any CPU.Build.0 = Release|Any CPU
	EndGlobalSection
	GlobalSection(SolutionProperties) = preSolution
		HideSolutionNode = FALSE
	EndGlobalSection
	GlobalSection(ExtensibilityGlobals) = postSolution
		SolutionGuid = {D9635869-8133-437C-A1E3-8144B3C043B8}
	EndGlobalSection
EndGlobal
